{
  "originHash": "f7a8b3c2d4e5f6789012345678901234567890abcdef1234567890abcdef1234",
  "pins": [
    {
      "identity": "capacitor-swift-pm",
      "kind": "remoteSourceControl",
      "location": "https://github.com/ionic-team/capacitor-swift-pm.git",
      "state": {
        "revision": "f1a8fadf1437c23b825c818fb6509c9dbbae2f61",
        "version": "8.3.1"
      }
    }
  ],
  "version": 3
}
